// !$*UTF8*$!
{
	archiveVersion = 1;
	classes = {
	};
	objectVersion = 46;
	objects = {

/* Begin PBXBuildFile section */
		58F852BF1F500A880055CE56 /* main.m in Sources */ = {isa = PBXBuildFile; fileRef = 58F852BE1F500A880055CE56 /* main.m */; };
		58F852C21F500A880055CE56 /* AppDelegate.m in Sources */ = {isa = PBXBuildFile; fileRef = 58F852C11F500A880055CE56 /* AppDelegate.m */; };
		58F852C51F500A880055CE56 /* ViewController.m in Sources */ = {isa = PBXBuildFile; fileRef = 58F852C41F500A880055CE56 /* ViewController.m */; };
		58F852C81F500A880055CE56 /* Main.storyboard in Resources */ = {isa = PBXBuildFile; fileRef = 58F852C61F500A880055CE56 /* Main.storyboard */; };
		58F852CA1F500A880055CE56 /* Assets.xcassets in Resources */ = {isa = PBXBuildFile; fileRef = 58F852C91F500A880055CE56 /* Assets.xcassets */; };
		58F852CD1F500A880055CE56 /* LaunchScreen.storyboard in Resources */ = {isa = PBXBuildFile; fileRef = 58F852CB1F500A880055CE56 /* LaunchScreen.storyboard */; };
/* End PBXBuildFile section */

/* Begin PBXFileReference section */
		58F852BA1F500A880055CE56 /* ImageFiltering.app */ = {isa = PBXFileReference; explicitFileType = wrapper.application; includeInIndex = 0; path = ImageFiltering.app; sourceTree = BUILT_PRODUCTS_DIR; };
		58F852BE1F500A880055CE56 /* main.m */ = {isa = PBXFileReference; lastKnownFileType = sourcecode.c.objc; path = main.m; sourceTree = "<group>"; };
		58F852C01F500A880055CE56 /* AppDelegate.h */ = {isa = PBXFileReference; lastKnownFileType = sourcecode.c.h; path = AppDelegate.h; sourceTree = "<group>"; };
		58F852C11F500A880055CE56 /* AppDelegate.m */ = {isa = PBXFileReference; lastKnownFileType = sourcecode.c.objc; path = AppDelegate.m; sourceTree = "<group>"; };
		58F852C31F500A880055CE56 /* ViewController.h */ = {isa = PBXFileReference; lastKnownFileType = sourcecode.c.h; path = ViewController.h; sourceTree = "<group>"; };
		58F852C41F500A880055CE56 /* ViewController.m */ = {isa = PBXFileReference; lastKnownFileType = sourcecode.c.objc; path = ViewController.m; sourceTree = "<group>"; };
		58F852C71F500A880055CE56 /* Base */ = {isa = PBXFileReference; lastKnownFileType = file.storyboard; name = Base; path = Base.lproj/Main.storyboard; sourceTree = "<group>"; };
		58F852C91F500A880055CE56 /* Assets.xcassets */ = {isa = PBXFileReference; lastKnownFileType = folder.assetcatalog; path = Assets.xcassets; sourceTree = "<group>"; };
		58F852CC1F500A880055CE56 /* Base */ = {isa = PBXFileReference; lastKnownFileType = file.storyboard; name = Base; path = Base.lproj/LaunchScreen.storyboard; sourceTree = "<group>"; };
		58F852CE1F500A880055CE56 /* Info.plist */ = {isa = PBXFileReference; lastKnownFileType = text.plist.xml; path = Info.plist; sourceTree = "<group>"; };
/* End PBXFileReference section */

/* Begin PBXFrameworksBuildPhase section */
		58F852B71F500A880055CE56 /* Frameworks */ = {
			isa = PBXFrameworksBuildPhase;
			buildActionMask = 2147483647;
			files = (
			);
			runOnlyForDeploymentPostprocessing = 0;
		};
/* End PBXFrameworksBuildPhase section */

/* Begin PBXGroup section */
		58F852B11F500A880055CE56 = {
			isa = PBXGroup;
			children = (
				58F852BC1F500A880055CE56 /* ImageFiltering */,
				58F852BB1F500A880055CE56 /* Products */,
			);
			sourceTree = "<group>";
		};
		58F852BB1F500A880055CE56 /* Products */ = {
			isa = PBXGroup;
			children = (
				58F852BA1F500A880055CE56 /* ImageFiltering.app */,
			);
			name = Products;
			sourceTree = "<group>";
		};
		58F852BC1F500A880055CE56 /* ImageFiltering */ = {
			isa = PBXGroup;
			children = (
				58F852C01F500A880055CE56 /* AppDelegate.h */,
				58F852C11F500A880055CE56 /* AppDelegate.m */,
				58F852C31F500A880055CE56 /* ViewController.h */,
				58F852C41F500A880055CE56 /* ViewController.m */,
				58F852C61F500A880055CE56 /* Main.storyboard */,
				58F852C91F500A880055CE56 /* Assets.xcassets */,
				58F852CB1F500A880055CE56 /* LaunchScreen.storyboard */,
				58F852CE1F500A880055CE56 /* Info.plist */,
				58F852BD1F500A880055CE56 /* Supporting Files */,
			);
			path = ImageFiltering;
			sourceTree = "<group>";
		};
		58F852BD1F500A880055CE56 /* Supporting Files */ = {
			isa = PBXGroup;
			children = (
				58F852BE1F500A880055CE56 /* main.m */,
			);
			name = "Supporting Files";
			sourceTree = "<group>";
		};
/* End PBXGroup section */

/* Begin PBXNativeTarget section */
		58F852B91F500A880055CE56 /* ImageFiltering */ = {
			isa = PBXNativeTarget;
			buildConfigurationList = 58F852D11F500A880055CE56 /* Build configuration list for PBXNativeTarget "ImageFiltering" */;
			buildPhases = (
				58F852B61F500A880055CE56 /* Sources */,
				58F852B71F500A880055CE56 /* Frameworks */,
				58F852B81F500A880055CE56 /* Resources */,
			);
			buildRules = (
			);
			dependencies = (
			);
			name = ImageFiltering;
			productName = ImageFiltering;
			productReference = 58F852BA1F500A880055CE56 /* ImageFiltering.app */;
			productType = "com.apple.product-type.application";
		};
/* End PBXNativeTarget section */

/* Begin PBXProject section */
		58F852B21F500A880055CE56 /* Project object */ = {
			isa = PBXProject;
			attributes = {
				LastUpgradeCheck = 0830;
				ORGANIZATIONNAME = melanu1991;
				TargetAttributes = {
					58F852B91F500A880055CE56 = {
						CreatedOnToolsVersion = 8.3.2;
						ProvisioningStyle = Automatic;
					};
				};
			};
			buildConfigurationList = 58F852B51F500A880055CE56 /* Build configuration list for PBXProject "ImageFiltering" */;
			compatibilityVersion = "Xcode 3.2";
			developmentRegion = English;
			hasScannedForEncodings = 0;
			knownRegions = (
				en,
				Base,
			);
			mainGroup = 58F852B11F500A880055CE56;
			productRefGroup = 58F852BB1F500A880055CE56 /* Products */;
			projectDirPath = "";
			projectRoot = "";
			targets = (
				58F852B91F500A880055CE56 /* ImageFiltering */,
			);
		};
/* End PBXProject section */

/* Begin PBXResourcesBuildPhase section */
		58F852B81F500A880055CE56 /* Resources */ = {
			isa = PBXResourcesBuildPhase;
			buildActionMask = 2147483647;
			files = (
				58F852CD1F500A880055CE56 /* LaunchScreen.storyboard in Resources */,
				58F852CA1F500A880055CE56 /* Assets.xcassets in Resources */,
				58F852C81F500A880055CE56 /* Main.storyboard in Resources */,
			);
			runOnlyForDeploymentPostprocessing = 0;
		};
/* End PBXResourcesBuildPhase section */

/* Begin PBXSourcesBuildPhase section */
		58F852B61F500A880055CE56 /* Sources */ = {
			isa = PBXSourcesBuildPhase;
			buildActionMask = 2147483647;
			files = (
				58F852C51F500A880055CE56 /* ViewController.m in Sources */,
				58F852C21F500A880055CE56 /* AppDelegate.m in Sources */,
				58F852BF1F500A880055CE56 /* main.m in Sources */,
			);
			runOnlyForDeploymentPostprocessing = 0;
		};
/* End PBXSourcesBuildPhase section */

/* Begin PBXVariantGroup section */
		58F852C61F500A880055CE56 /* Main.storyboard */ = {
			isa = PBXVariantGroup;
			children = (
				58F852C71F500A880055CE56 /* Base */,
			);
			name = Main.storyboard;
			sourceTree = "<group>";
		};
		58F852CB1F500A880055CE56 /* LaunchScreen.storyboard */ = {
			isa = PBXVariantGroup;
			children = (
				58F852CC1F500A880055CE56 /* Base */,
			);
			name = LaunchScreen.storyboard;
			sourceTree = "<group>";
		};
/* End PBXVariantGroup section */

/* Begin XCBuildConfiguration section */
		58F852CF1F500A880055CE56 /* Debug */ = {
			isa = XCBuildConfiguration;
			buildSettings = {
				ALWAYS_SEARCH_USER_PATHS = NO;
				CLANG_ANALYZER_NONNULL = YES;
				CLANG_ANALYZER_NUMBER_OBJECT_CONVERSION = YES_AGGRESSIVE;
				CLANG_CXX_LANGUAGE_STANDARD = "gnu++0x";
				CLANG_CXX_LIBRARY = "libc++";
				CLANG_ENABLE_MODULES = YES;
				CLANG_ENABLE_OBJC_ARC = YES;
				CLANG_WARN_BOOL_CONVERSION = YES;
				CLANG_WARN_CONSTANT_CONVERSION = YES;
				CLANG_WARN_DIRECT_OBJC_ISA_USAGE = YES_ERROR;
				CLANG_WARN_DOCUMENTATION_COMMENTS = YES;
				CLANG_WARN_EMPTY_BODY = YES;
				CLANG_WARN_ENUM_CONVERSION = YES;
				CLANG_WARN_INFINITE_RECURSION = YES;
				CLANG_WARN_INT_CONVERSION = YES;
				CLANG_WARN_OBJC_ROOT_CLASS = YES_ERROR;
				CLANG_WARN_SUSPICIOUS_MOVE = YES;
				CLANG_WARN_UNREACHABLE_CODE = YES;
				CLANG_WARN__DUPLICATE_METHOD_MATCH = YES;
				"CODE_SIGN_IDENTITY[sdk=iphoneos*]" = "iPhone Developer";
				COPY_PHASE_STRIP = NO;
				DEBUG_INFORMATION_FORMAT = dwarf;
				ENABLE_STRICT_OBJC_MSGSEND = YES;
				ENABLE_TESTABILITY = YES;
				GCC_C_LANGUAGE_STANDARD = gnu99;
				GCC_DYNAMIC_NO_PIC = NO;
				GCC_NO_COMMON_BLOCKS = YES;
				GCC_OPTIMIZATION_LEVEL = 0;
				GCC_PREPROCESSOR_DEFINITIONS = (
					"DEBUG=1",
					"$(inherited)",
				);
				GCC_WARN_64_TO_32_BIT_CONVERSION = YES;
				GCC_WARN_ABOUT_RETURN_TYPE = YES_ERROR;
				GCC_WARN_UNDECLARED_SELECTOR = YES;
				GCC_WARN_UNINITIALIZED_AUTOS = YES_AGGRESSIVE;
				GCC_WARN_UNUSED_FUNCTION = YES;
				GCC_WARN_UNUSED_VARIABLE = YES;
				IPHONEOS_DEPLOYMENT_TARGET = 10.3;
				MTL_ENABLE_DEBUG_INFO = YES;
				ONLY_ACTIVE_ARCH = YES;
				SDKROOT = iphoneos;
			};
			name = Debug;
		};
		58F852D01F500A880055CE56 /* Release */ = {
			isa = XCBuildConfiguration;
			buildSettings = {
				ALWAYS_SEARCH_USER_PATHS = NO;
				CLANG_ANALYZER_NONNULL = YES;
				CLANG_ANALYZER_NUMBER_OBJECT_CONVERSION = YES_AGGRESSIVE;
				CLANG_CXX_LANGUAGE_STANDARD = "gnu++0x";
				CLANG_CXX_LIBRARY = "libc++";
				CLANG_ENABLE_MODULES = YES;
				CLANG_ENABLE_OBJC_ARC = YES;
				CLANG_WARN_BOOL_CONVERSION = YES;
				CLANG_WARN_CONSTANT_CONVERSION = YES;
				CLANG_WARN_DIRECT_OBJC_ISA_USAGE = YES_ERROR;
				CLANG_WARN_DOCUMENTATION_COMMENTS = YES;
				CLANG_WARN_EMPTY_BODY = YES;
				CLANG_WARN_ENUM_CONVERSION = YES;
				CLANG_WARN_INFINITE_RECURSION = YES;
				CLANG_WARN_INT_CONVERSION = YES;
				CLANG_WARN_OBJC_ROOT_CLASS = YES_ERROR;
				CLANG_WARN_SUSPICIOUS_MOVE = YES;
				CLANG_WARN_UNREACHABLE_CODE = YES;
				CLANG_WARN__DUPLICATE_METHOD_MATCH = YES;
				"CODE_SIGN_IDENTITY[sdk=iphoneos*]" = "iPhone Developer";
				COPY_PHASE_STRIP = NO;
				DEBUG_INFORMATION_FORMAT = "dwarf-with-dsym";
				ENABLE_NS_ASSERTIONS = NO;
				ENABLE_STRICT_OBJC_MSGSEND = YES;
				GCC_C_LANGUAGE_STANDARD = gnu99;
				GCC_NO_COMMON_BLOCKS = YES;
				GCC_WARN_64_TO_32_BIT_CONVERSION = YES;
				GCC_WARN_ABOUT_RETURN_TYPE = YES_ERROR;
				GCC_WARN_UNDECLARED_SELECTOR = YES;
				GCC_WARN_UNINITIALIZED_AUTOS = YES_AGGRESSIVE;
				GCC_WARN_UNUSED_FUNCTION = YES;
				GCC_WARN_UNUSED_VARIABLE = YES;
				IPHONEOS_DEPLOYMENT_TARGET = 10.3;
				MTL_ENABLE_DEBUG_INFO = NO;
				SDKROOT = iphoneos;
				VALIDATE_PRODUCT = YES;
			};
			name = Release;
		};
		58F852D21F500A880055CE56 /* Debug */ = {
			isa = XCBuildConfiguration;
			buildSettings = {
				ASSETCATALOG_COMPILER_APPICON_NAME = AppIcon;
				INFOPLIST_FILE = ImageFiltering/Info.plist;
				LD_RUNPATH_SEARCH_PATHS = "$(inherited) @executable_path/Frameworks";
				PRODUCT_BUNDLE_IDENTIFIER = VAK.ImageFiltering;
				PRODUCT_NAME = "$(TARGET_NAME)";
			};
			name = Debug;
		};
		58F852D31F500A880055CE56 /* Release */ = {
			isa = XCBuildConfiguration;
			buildSettings = {
				ASSETCATALOG_COMPILER_APPICON_NAME = AppIcon;
				INFOPLIST_FILE = ImageFiltering/Info.plist;
				LD_RUNPATH_SEARCH_PATHS = "$(inherited) @executable_path/Frameworks";
				PRODUCT_BUNDLE_IDENTIFIER = VAK.ImageFiltering;
				PRODUCT_NAME = "$(TARGET_NAME)";
			};
			name = Release;
		};
/* End XCBuildConfiguration section */

/* Begin XCConfigurationList section */
		58F852B51F500A880055CE56 /* Build configuration list for PBXProject "ImageFiltering" */ = {
			isa = XCConfigurationList;
			buildConfigurations = (
				58F852CF1F500A880055CE56 /* Debug */,
				58F852D01F500A880055CE56 /* Release */,
			);
			defaultConfigurationIsVisible = 0;
			defaultConfigurationName = Release;
		};
		58F852D11F500A880055CE56 /* Build configuration list for PBXNativeTarget "ImageFiltering" */ = {
			isa = XCConfigurationList;
			buildConfigurations = (
				58F852D21F500A880055CE56 /* Debug */,
				58F852D31F500A880055CE56 /* Release */,
			);
			defaultConfigurationIsVisible = 0;
		};
/* End XCConfigurationList section */
	};
	rootObject = 58F852B21F500A880055CE56 /* Project object */;
}
